
Microsoft Visual Studio Solution File, Format Version 12.00
# Visual Studio Version 16
VisualStudioVersion = 16.0.35706.149
MinimumVisualStudioVersion = 10.0.40219.1
Project("{FAE04EC0-301F-11D3-BF4B-00C04F79EFBC}") = "Wearables.Web", "Wearables.Web\Wearables.Web.csproj", "{0483428E-418F-42CB-9B5F-AFC7C24389A5}"
EndProject
Project("{FAE04EC0-301F-11D3-BF4B-00C04F79EFBC}") = "Wearables.Entities", "Wearables.Entities\Wearables.Entities.csproj", "{F850B972-92BA-4641-ADD7-305019E466FD}"
EndProject
Project("{FAE04EC0-301F-11D3-BF4B-00C04F79EFBC}") = "Wearables.Database", "Wearables.Database\Wearables.Database.csproj", "{7A9F9917-7F9B-467A-9659-CBEBA8C9091A}"
EndProject
Global
	GlobalSection(SolutionConfigurationPlatforms) = preSolution
		Debug|Any CPU = Debug|Any CPU
		Release|Any CPU = Release|Any CPU
	EndGlobalSection
	GlobalSection(ProjectConfigurationPlatforms) = postSolution
		{0483428E-418F-42CB-9B5F-AFC7C24389A5}.Debug|Any CPU.ActiveCfg = Debug|Any CPU
		{0483428E-418F-42CB-9B5F-AFC7C24389A5}.Debug|Any CPU.Build.0 = Debug|Any CPU
		{0483428E-418F-42CB-9B5F-AFC7C24389A5}.Release|Any CPU.ActiveCfg = Release|Any CPU
		{0483428E-418F-42CB-9B5F-AFC7C24389A5}.Release|Any CPU.Build.0 = Release|Any CPU
		{F850B972-92BA-4641-ADD7-305019E466FD}.Debug|Any CPU.ActiveCfg = Debug|Any CPU
		{F850B972-92BA-4641-ADD7-305019E466FD}.Debug|Any CPU.Build.0 = Debug|Any CPU
		{F850B972-92BA-4641-ADD7-305019E466FD}.Release|Any CPU.ActiveCfg = Release|Any CPU
		{F850B972-92BA-4641-ADD7-305019E466FD}.Release|Any CPU.Build.0 = Release|Any CPU
		{7A9F9917-7F9B-467A-9659-CBEBA8C9091A}.Debug|Any CPU.ActiveCfg = Debug|Any CPU
		{7A9F9917-7F9B-467A-9659-CBEBA8C9091A}.Debug|Any CPU.Build.0 = Debug|Any CPU
		{7A9F9917-7F9B-467A-9659-CBEBA8C9091A}.Release|Any CPU.ActiveCfg = Release|Any CPU
		{7A9F9917-7F9B-467A-9659-CBEBA8C9091A}.Release|Any CPU.Build.0 = Release|Any CPU
	EndGlobalSection
	GlobalSection(SolutionProperties) = preSolution
		HideSolutionNode = FALSE
	EndGlobalSection
	GlobalSection(ExtensibilityGlobals) = postSolution
		SolutionGuid = {E387F7B0-7375-4FAE-AE56-4633ACD1DE18}
	EndGlobalSection
EndGlobal
